# THIS IS AN AUTOGENERATED FILE. DO NOT EDIT THIS FILE DIRECTLY.
# yarn lockfile v1


"@emnapi/core@^1.1.0":
  version "1.2.0"
  resolved "https://registry.yarnpkg.com/@emnapi/core/-/core-1.2.0.tgz#7b738e5033738132bf6af0b8fae7b05249bdcbd7"
  integrity sha512-E7Vgw78I93we4ZWdYCb4DGAwRROGkMIXk7/y87UmANR+J6qsWusmC3gLt0H+O0KOt5e6O38U8oJamgbudrES/w==
  dependencies:
    "@emnapi/wasi-threads" "1.0.1"
    tslib "^2.4.0"

"@emnapi/runtime@^1.1.0":
  version "1.2.0"
  resolved "https://registry.yarnpkg.com/@emnapi/runtime/-/runtime-1.2.0.tgz#71d018546c3a91f3b51106530edbc056b9f2f2e3"
  integrity sha512-bV21/9LQmcQeCPEg3BDFtvwL6cwiTMksYNWQQ4KOxCZikEGalWtenoZ0wCiukJINlGCIi2KXx01g4FoH/LxpzQ==
  dependencies:
    tslib "^2.4.0"

"@emnapi/wasi-threads@1.0.1":
  version "1.0.1"
  resolved "https://registry.yarnpkg.com/@emnapi/wasi-threads/-/wasi-threads-1.0.1.tgz#d7ae71fd2166b1c916c6cd2d0df2ef565a2e1a5b"
  integrity sha512-iIBu7mwkq4UQGeMEM8bLwNK962nXdhodeScX4slfQnRhEMMzvYivHhutCIk8uojvmASXXPC2WNEjwxFWk72Oqw==
  dependencies:
    tslib "^2.4.0"

"@hyperswarm/secret-stream@^6.6.2":
  version "6.6.3"
  resolved "https://registry.yarnpkg.com/@hyperswarm/secret-stream/-/secret-stream-6.6.3.tgz#ac226b03cb890cd1a530220ac900390cf9fd4a76"
  integrity sha512-F/EF5KLUqjkTNFof1K5dz57CwrwjSzG0XxZe2X9t/2/mG5iQ28yJIwNcVabkWS1Wk2ZB719piVGKk6YbwkJ0aQ==
  dependencies:
    b4a "^1.1.0"
    hypercore-crypto "^3.3.1"
    noise-curve-ed "^2.0.1"
    noise-handshake "^3.0.2"
    sodium-secretstream "^1.1.0"
    sodium-universal "^4.0.0"
    streamx "^2.14.0"
    timeout-refresh "^2.0.0"

"@napi-rs/wasm-runtime@^0.2.4":
  version "0.2.4"
  resolved "https://registry.yarnpkg.com/@napi-rs/wasm-runtime/-/wasm-runtime-0.2.4.tgz#d27788176f250d86e498081e3c5ff48a17606918"
  integrity sha512-9zESzOO5aDByvhIAsOy9TbpZ0Ur2AJbUI7UT73kcUTS2mxAMHOBaa1st/jAymNoCtvrit99kkzT1FZuXVcgfIQ==
  dependencies:
    "@emnapi/core" "^1.1.0"
    "@emnapi/runtime" "^1.1.0"
    "@tybys/wasm-util" "^0.9.0"

"@oxc-resolver/binding-darwin-arm64@1.10.2":
  version "1.10.2"
  resolved "https://registry.yarnpkg.com/@oxc-resolver/binding-darwin-arm64/-/binding-darwin-arm64-1.10.2.tgz#7fd04e5f07bd4dfc9abe9416afe107b925df1f98"
  integrity sha512-aOCZYXqmFL+2sXlaVkYbAOtICGGeTFtmdul8OimQfOXHJods6YHJ2nR6+rEeBcJzaXyXPP18ne1IsEc4AYL1IA==

"@oxc-resolver/binding-darwin-x64@1.10.2":
  version "1.10.2"
  resolved "https://registry.yarnpkg.com/@oxc-resolver/binding-darwin-x64/-/binding-darwin-x64-1.10.2.tgz#b73dfa73c7af1ee808a52f6873274b47af284716"
  integrity sha512-6WD7lHGkoduFZfUgnC2suKOlqttQRKxWsiVXiiGPu3mfXvQAhMd/gekuH1t8vOhFlPJduaww15n5UB0bSjCK+w==

"@oxc-resolver/binding-freebsd-x64@1.10.2":
  version "1.10.2"
  resolved "https://registry.yarnpkg.com/@oxc-resolver/binding-freebsd-x64/-/binding-freebsd-x64-1.10.2.tgz#b1303a29ff8eafc267683d253b7458b78f68245b"
  integrity sha512-nEqHWx/Ot5p7Mafj8qH6vFlLSvHjECxAcZwhnAMqRuQu1NgXC/QM3emkdhVGy7QJgsxZbHpPaF6TERNf5/NL9Q==

"@oxc-resolver/binding-linux-arm-gnueabihf@1.10.2":
  version "1.10.2"
  resolved "https://registry.yarnpkg.com/@oxc-resolver/binding-linux-arm-gnueabihf/-/binding-linux-arm-gnueabihf-1.10.2.tgz#f921703edfc1e972408394b9c639c50e984ff16e"
  integrity sha512-+AlZI0fPnpfArh8aC5k2295lmQrxa2p8gBLxC3buvCkz0ZpbVLxyyAXz3J2jGwJnmc5MUPLEqPYw6ZlAGH4XHA==

"@oxc-resolver/binding-linux-arm64-gnu@1.10.2":
  version "1.10.2"
  resolved "https://registry.yarnpkg.com/@oxc-resolver/binding-linux-arm64-gnu/-/binding-linux-arm64-gnu-1.10.2.tgz#173982495965af46d028329ce1e99d7dd584e483"
  integrity sha512-8fZ8NszFaUZaoA8eUwkF2lHjgUs76aFiewWgG/cjcZmwKp+ErZQLW8eOvIWZ4SohHQ+ScvhVsSaU2PU38c88gw==

"@oxc-resolver/binding-linux-arm64-musl@1.10.2":
  version "1.10.2"
  resolved "https://registry.yarnpkg.com/@oxc-resolver/binding-linux-arm64-musl/-/binding-linux-arm64-musl-1.10.2.tgz#323fc30fc4611a2bd0d1a2d73fdea5d91a9c0ae7"
  integrity sha512-oPrLICrw96Ym9n04FWXWGkbkpF6qJtZ57JSnqI3oQ24xHTt4iWyjHKHQO46NbJAK9sFb3Qce4BzV8faDI5Rifg==

"@oxc-resolver/binding-linux-x64-gnu@1.10.2":
  version "1.10.2"
  resolved "https://registry.yarnpkg.com/@oxc-resolver/binding-linux-x64-gnu/-/binding-linux-x64-gnu-1.10.2.tgz#f7f8bd53f146a28176180a1fa8b47885427df7e9"
  integrity sha512-eli74jTAUiIfqi8IPFqiPxQS69Alcr6w/IFRyf3XxrkxeFGgcgxJkRIxWNTKJ6T3EXxjuma+49LdZn6l9rEj7A==

"@oxc-resolver/binding-linux-x64-musl@1.10.2":
  version "1.10.2"
  resolved "https://registry.yarnpkg.com/@oxc-resolver/binding-linux-x64-musl/-/binding-linux-x64-musl-1.10.2.tgz#00d3465bc6a2abd9a34d09dc5eeba0479f33059b"
  integrity sha512-HH9zmjNSQo3rkbqJH5nIjGrtjC+QPrUy0KGGMR/oRCSLuD0cNFJ/Uly1XAugwSm4oEw0+rv6PmeclXmVTKsxhw==

"@oxc-resolver/binding-wasm32-wasi@1.10.2":
  version "1.10.2"
  resolved "https://registry.yarnpkg.com/@oxc-resolver/binding-wasm32-wasi/-/binding-wasm32-wasi-1.10.2.tgz#ed3c49f4887a765503f589bb8b95e9c8d5369adb"
  integrity sha512-3ItX23q33sfVBtMMdMhVDSe0NX5zBHxHfmFiXhSJuwNaVIwGpLFU7WU2nmq9oNdnmTOvjL8vlhOqiGvumBLlRA==
  dependencies:
    "@napi-rs/wasm-runtime" "^0.2.4"

"@oxc-resolver/binding-win32-arm64-msvc@1.10.2":
  version "1.10.2"
  resolved "https://registry.yarnpkg.com/@oxc-resolver/binding-win32-arm64-msvc/-/binding-win32-arm64-msvc-1.10.2.tgz#bea966a1ab09d1a8b2823abf488ba1e213a619b7"
  integrity sha512-aVoj2V+jmQ1N+lVy9AhaLmzssJM0lcKt8D0UL83aNLZJ5lSN7hgBuUXTVmL+VF268f167khjo38z+fbELDVm8Q==

"@oxc-resolver/binding-win32-x64-msvc@1.10.2":
  version "1.10.2"
  resolved "https://registry.yarnpkg.com/@oxc-resolver/binding-win32-x64-msvc/-/binding-win32-x64-msvc-1.10.2.tgz#b43deb60fac0b13add5a259fac3c8fdfffd7333c"
  integrity sha512-l8BDQWyP0Piw8hlmYPUqTRKLsq+ceG9h+9p6ZrjNzwW9AmJX7T7T2hgoVVHqS6f4WNA/CFkb3RyZP9QTzNkyyA==

"@pondwader/socks5-server@^1.0.10":
  version "1.0.10"
  resolved "https://registry.yarnpkg.com/@pondwader/socks5-server/-/socks5-server-1.0.10.tgz#79097a2615105951d0716c05fd6d8e322ceff318"
  integrity sha512-bQY06wzzR8D2+vVCUoBsr5QS2U6UgPUQRmErNwtsuI6vLcyRKkafjkr3KxbtGFf9aBBIV2mcvlsKD1UYaIV+sg==

"@scure/base@^1.1.7":
  version "1.1.7"
  resolved "https://registry.yarnpkg.com/@scure/base/-/base-1.1.7.tgz#fe973311a5c6267846aa131bc72e96c5d40d2b30"
  integrity sha512-PPNYBslrLNNUQ/Yad37MHYsNQtK67EhWb6WtSvNLLPo7SdVZgkUjD6Dg+5On7zNwmskf8OX7I7Nx5oN+MIWE0g==

"@swc-node/core@^1.13.3":
  version "1.13.3"
  resolved "https://registry.yarnpkg.com/@swc-node/core/-/core-1.13.3.tgz#0821d01263f48314392d38d80ef1a03fef5f11b3"
  integrity sha512-OGsvXIid2Go21kiNqeTIn79jcaX4l0G93X2rAnas4LFoDyA9wAwVK7xZdm+QsKoMn5Mus2yFLCc4OtX2dD/PWA==

"@swc-node/register@^1.10.9":
  version "1.10.9"
  resolved "https://registry.yarnpkg.com/@swc-node/register/-/register-1.10.9.tgz#9e2660f99a12969d3e5a34144e6a5812c7187680"
  integrity sha512-iXy2sjP0phPEpK2yivjRC3PAgoLaT4sjSk0LDWCTdcTBJmR4waEog0E6eJbvoOkLkOtWw37SB8vCkl/bbh4+8A==
  dependencies:
    "@swc-node/core" "^1.13.3"
    "@swc-node/sourcemap-support" "^0.5.1"
    colorette "^2.0.20"
    debug "^4.3.5"
    oxc-resolver "^1.10.2"
    pirates "^4.0.6"
    tslib "^2.6.3"

"@swc-node/sourcemap-support@^0.5.1":
  version "0.5.1"
  resolved "https://registry.yarnpkg.com/@swc-node/sourcemap-support/-/sourcemap-support-0.5.1.tgz#0355540d62874891770ce1ba06838de186f098ff"
  integrity sha512-JxIvIo/Hrpv0JCHSyRpetAdQ6lB27oFYhv0PKCNf1g2gUXOjpeR1exrXccRxLMuAV5WAmGFBwRnNOJqN38+qtg==
  dependencies:
    source-map-support "^0.5.21"
    tslib "^2.6.3"

"@swc/core-darwin-arm64@1.7.11":
  version "1.7.11"
  resolved "https://registry.yarnpkg.com/@swc/core-darwin-arm64/-/core-darwin-arm64-1.7.11.tgz#53cd615d55330329ed5ac843b8f6aedb5de7c82f"
  integrity sha512-HRQv4qIeMBPThZ6Y/4yYW52rGsS6yrpusvuxLGyoFo45Y0y12/V2yXkOIA/0HIQyrqoUAxn1k4zQXpPaPNCmnw==

"@swc/core-darwin-x64@1.7.11":
  version "1.7.11"
  resolved "https://registry.yarnpkg.com/@swc/core-darwin-x64/-/core-darwin-x64-1.7.11.tgz#c0e3f248d075160b86f12b21b9dafee48196f52e"
  integrity sha512-vtMQj0F3oYwDu5yhO7SKDRg1XekRSi6/TbzHAbBXv+dBhlGGvcZZynT1H90EVFTv+7w7Sh+lOFvRv5Z4ZTcxow==

"@swc/core-linux-arm-gnueabihf@1.7.11":
  version "1.7.11"
  resolved "https://registry.yarnpkg.com/@swc/core-linux-arm-gnueabihf/-/core-linux-arm-gnueabihf-1.7.11.tgz#677f87c806261243afe4903fde3dfac11e9f159b"
  integrity sha512-mHtzWKxhtyreI4CSxs+3+ENv8t/Qo35WFoYG66qHEgJz/Z2Lh6jv1E+MYgHdYwnpQHgHbdvAco7HsBu/Dt6xXw==

"@swc/core-linux-arm64-gnu@1.7.11":
  version "1.7.11"
  resolved "https://registry.yarnpkg.com/@swc/core-linux-arm64-gnu/-/core-linux-arm64-gnu-1.7.11.tgz#ad38860e7ebed7ece215ea02f1a134798275ce2c"
  integrity sha512-FRwe/x0GfXSQjGP2lIk+NO0pUFS/lI/RorCLBPiK808EVE9JTbh9DKCc/4Bbb4jgScAjNkrFCUVObQYl3YKmpA==

"@swc/core-linux-arm64-musl@1.7.11":
  version "1.7.11"
  resolved "https://registry.yarnpkg.com/@swc/core-linux-arm64-musl/-/core-linux-arm64-musl-1.7.11.tgz#ffe7cf7e23b6c4022c66b274cc2ff068c0a7cede"
  integrity sha512-GY/rs0+GUq14Gbnza90KOrQd/9yHd5qQMii5jcSWcUCT5A8QTa8kiicsM2NxZeTJ69xlKmT7sLod5l99lki/2A==

"@swc/core-linux-x64-gnu@1.7.11":
  version "1.7.11"
  resolved "https://registry.yarnpkg.com/@swc/core-linux-x64-gnu/-/core-linux-x64-gnu-1.7.11.tgz#697fb7dcb453509d8a08da781e7ec337b112f54b"
  integrity sha512-QDkGRwSPmp2RBOlSs503IUXlWYlny8DyznTT0QuK0ML2RpDFlXWU94K/EZhS0RBEUkMY/W51OacM8P8aS/dkCg==

"@swc/core-linux-x64-musl@1.7.11":
  version "1.7.11"
  resolved "https://registry.yarnpkg.com/@swc/core-linux-x64-musl/-/core-linux-x64-musl-1.7.11.tgz#70deeedd81d77deb062c71d68cab79b36219f79f"
  integrity sha512-SBEfKrXy6zQ6ksnyxw1FaCftrIH4fLfA81xNnKb7x/6iblv7Ko6H0aK3P5C86jyqF/82+ONl9C7ImGkUFQADig==

"@swc/core-win32-arm64-msvc@1.7.11":
  version "1.7.11"
  resolved "https://registry.yarnpkg.com/@swc/core-win32-arm64-msvc/-/core-win32-arm64-msvc-1.7.11.tgz#f232c2d5ea93a0aa6650e5a8c49f5b23db6a218b"
  integrity sha512-a2Y4xxEsLLYHJN7sMnw9+YQJDi3M1BxEr9hklfopPuGGnYLFNnx5CypH1l9ReijEfWjIAHNi7pq3m023lzW1Hg==

"@swc/core-win32-ia32-msvc@1.7.11":
  version "1.7.11"
  resolved "https://registry.yarnpkg.com/@swc/core-win32-ia32-msvc/-/core-win32-ia32-msvc-1.7.11.tgz#3fa43c3bf4b1593fa9abe017b55080651e7fff06"
  integrity sha512-ZbZFMwZO+j8ulhegJ7EhJ/QVZPoQ5qc30ylJQSxizizTJaen71Q7/13lXWc6ksuCKvg6dUKrp/TPgoxOOtSrFA==

"@swc/core-win32-x64-msvc@1.7.11":
  version "1.7.11"
  resolved "https://registry.yarnpkg.com/@swc/core-win32-x64-msvc/-/core-win32-x64-msvc-1.7.11.tgz#433bac0a04a0a49c9d9c8f1fe45f5555c88deca7"
  integrity sha512-IUohZedSJyDu/ReEBG/mqX6uG29uA7zZ9z6dIAF+p6eFxjXmh9MuHryyM+H8ebUyoq/Ad3rL+rUCksnuYNnI0w==

"@swc/core@^1.7.11":
  version "1.7.11"
  resolved "https://registry.yarnpkg.com/@swc/core/-/core-1.7.11.tgz#167f46ee64f7fdd0eb58e62d0a5643fa65b86559"
  integrity sha512-AB+qc45UrJrDfbhPKcUXk+9z/NmFfYYwJT6G7/iur0fCse9kXjx45gi40+u/O2zgarG/30/zV6E3ps8fUvjh7g==
  dependencies:
    "@swc/counter" "^0.1.3"
    "@swc/types" "^0.1.12"
  optionalDependencies:
    "@swc/core-darwin-arm64" "1.7.11"
    "@swc/core-darwin-x64" "1.7.11"
    "@swc/core-linux-arm-gnueabihf" "1.7.11"
    "@swc/core-linux-arm64-gnu" "1.7.11"
    "@swc/core-linux-arm64-musl" "1.7.11"
    "@swc/core-linux-x64-gnu" "1.7.11"
    "@swc/core-linux-x64-musl" "1.7.11"
    "@swc/core-win32-arm64-msvc" "1.7.11"
    "@swc/core-win32-ia32-msvc" "1.7.11"
    "@swc/core-win32-x64-msvc" "1.7.11"

"@swc/counter@^0.1.3":
  version "0.1.3"
  resolved "https://registry.yarnpkg.com/@swc/counter/-/counter-0.1.3.tgz#cc7463bd02949611c6329596fccd2b0ec782b0e9"
  integrity sha512-e2BR4lsJkkRlKZ/qCHPw9ZaSxc0MVUd7gtbtaB7aMvHeJVYe8sOB8DBZkP2DtISHGSku9sCK6T6cnY0CtXrOCQ==

"@swc/types@^0.1.12":
  version "0.1.12"
  resolved "https://registry.yarnpkg.com/@swc/types/-/types-0.1.12.tgz#7f632c06ab4092ce0ebd046ed77ff7557442282f"
  integrity sha512-wBJA+SdtkbFhHjTMYH+dEH1y4VpfGdAc2Kw/LK09i9bXd/K6j6PkDcFCEzb6iVfZMkPRrl/q0e3toqTAJdkIVA==
  dependencies:
    "@swc/counter" "^0.1.3"

"@tybys/wasm-util@^0.9.0":
  version "0.9.0"
  resolved "https://registry.yarnpkg.com/@tybys/wasm-util/-/wasm-util-0.9.0.tgz#3e75eb00604c8d6db470bf18c37b7d984a0e3355"
  integrity sha512-6+7nlbMVX/PVDCwaIQ8nTOPveOcFLSt8GcXdx8hD0bt39uWxYT88uXzqTd4fTvqta7oeUJqudepapKNt2DYJFw==
  dependencies:
    tslib "^2.4.0"

"@types/debug@^4.1.12":
  version "4.1.12"
  resolved "https://registry.yarnpkg.com/@types/debug/-/debug-4.1.12.tgz#a155f21690871953410df4b6b6f53187f0500917"
  integrity sha512-vIChWdVG3LG1SMxEvI/AK+FWJthlrqlTu7fbrlywTkkaONwk/UAGaULXRlf8vkzFBLVm0zkMdCquhL5aOjhXPQ==
  dependencies:
    "@types/ms" "*"

"@types/ms@*":
  version "0.7.34"
  resolved "https://registry.yarnpkg.com/@types/ms/-/ms-0.7.34.tgz#10964ba0dee6ac4cd462e2795b6bebd407303433"
  integrity sha512-nG96G3Wp6acyAgJqGasjODb+acrI7KltPiRxzHPXnP3NgI28bpQDRv53olbqGXbfcgF5aiiHmO3xpwEpS5Ld9g==

"@types/node@^22.4.0":
  version "22.4.0"
  resolved "https://registry.yarnpkg.com/@types/node/-/node-22.4.0.tgz#c295fe1d6f5f58916cc61dbef8cf65b5b9b71de9"
  integrity sha512-49AbMDwYUz7EXxKU/r7mXOsxwFr4BYbvB7tWYxVuLdb2ibd30ijjXINSMAHiEEZk5PCRBmW1gUeisn2VMKt3cQ==
  dependencies:
    undici-types "~6.19.2"

anymatch@~3.1.2:
  version "3.1.3"
  resolved "https://registry.yarnpkg.com/anymatch/-/anymatch-3.1.3.tgz#790c58b19ba1720a84205b57c618d5ad8524973e"
  integrity sha512-KMReFUr0B4t+D+OBkjR3KYqvocp2XaSzO55UcB6mgQMd3KbcE+mWTyvVV7D/zsdEbNnV6acZUutkiHQXvTr1Rw==
  dependencies:
    normalize-path "^3.0.0"
    picomatch "^2.0.4"

b4a@^1.1.0, b4a@^1.1.1, b4a@^1.3.0, b4a@^1.3.1, b4a@^1.5.0, b4a@^1.5.3, b4a@^1.6.1, b4a@^1.6.4, b4a@^1.6.6:
  version "1.6.6"
  resolved "https://registry.yarnpkg.com/b4a/-/b4a-1.6.6.tgz#a4cc349a3851987c3c4ac2d7785c18744f6da9ba"
  integrity sha512-5Tk1HLk6b6ctmjIkAcU/Ujv/1WqiDl0F0JdRCR80VsOcUlHcu7pWeWRlOqQLHfDEsVx9YH/aif5AG4ehoCtTmg==

balanced-match@^1.0.0:
  version "1.0.2"
  resolved "https://registry.yarnpkg.com/balanced-match/-/balanced-match-1.0.2.tgz#e83e3a7e3f300b34cb9d87f615fa0cbf357690ee"
  integrity sha512-3oSeUO0TMV67hN1AmbXsK4yaqU7tjiHlbxRDZOpH0KW9+CeX4bRAaX0Anxt0tx2MrpRpWwQaPwIlISEJhYU5Pw==

bare-events@^2.2.0:
  version "2.4.2"
  resolved "https://registry.yarnpkg.com/bare-events/-/bare-events-2.4.2.tgz#3140cca7a0e11d49b3edc5041ab560659fd8e1f8"
  integrity sha512-qMKFd2qG/36aA4GwvKq8MxnPgCQAmBWmSyLWsJcbn8v03wvIPQ/hG1Ms8bPzndZxMDoHpxez5VOS+gC9Yi24/Q==

binary-extensions@^2.0.0:
  version "2.3.0"
  resolved "https://registry.yarnpkg.com/binary-extensions/-/binary-extensions-2.3.0.tgz#f6e14a97858d327252200242d4ccfe522c445522"
  integrity sha512-Ceh+7ox5qe7LJuLHoY0feh3pHuUDHAcRUeyL2VYghZwfpkNIy/+8Ocg0a3UuSoYzavmylwuLWQOf3hl0jjMMIw==

bits-to-bytes@^1.3.0:
  version "1.3.0"
  resolved "https://registry.yarnpkg.com/bits-to-bytes/-/bits-to-bytes-1.3.0.tgz#b6b0b547ff5747b0609a42e31a0b57212f09f4e7"
  integrity sha512-OJoHTpFXS9bXHBCekGTByf3MqM8CGblBDIduKQeeVVeiU9dDWywSSirXIBYGgg3d1zbVuvnMa1vD4r6PA0kOKg==
  dependencies:
    b4a "^1.5.0"

blind-relay@^1.3.0:
  version "1.3.3"
  resolved "https://registry.yarnpkg.com/blind-relay/-/blind-relay-1.3.3.tgz#b9460fac1c2e8a8a326dbbb827b8c00339ed729f"
  integrity sha512-J49HZaRLA+jgmIA+J01x0NzDtNMQVzuFfz7CnLLijIUMJkxTbaexIGI/tfk6LONcr/+INmgbS8gMLeuaRvfreA==
  dependencies:
    b4a "^1.6.4"
    bare-events "^2.2.0"
    bits-to-bytes "^1.3.0"
    compact-encoding "^2.12.0"
    compact-encoding-bitfield "^1.0.0"
    hypertrace "^1.4.1"
    protomux "^3.5.1"
    sodium-universal "^4.0.0"
    streamx "^2.15.1"

bogon@^1.0.0:
  version "1.1.0"
  resolved "https://registry.yarnpkg.com/bogon/-/bogon-1.1.0.tgz#14234260353d8f806c3a307202f66698f635d18b"
  integrity sha512-a6SnToksXHuUlgeMvI/txWmTcKz7c7iBa8f0HbXL4toN1Uza/CTQ4F7n9jSDX49TCpxv3KUP100q4sZfwLyLiw==
  dependencies:
    compact-encoding "^2.11.0"
    compact-encoding-net "^1.2.0"

brace-expansion@^1.1.7:
  version "1.1.11"
  resolved "https://registry.yarnpkg.com/brace-expansion/-/brace-expansion-1.1.11.tgz#3c7fcbf529d87226f3d2f52b966ff5271eb441dd"
  integrity sha512-iCuPHDFgrHX7H2vEI/5xpz07zSHB00TpugqhmYtVmMO6518mCuRMoOYFldEBl0g187ufozdaHgWKcYFb61qGiA==
  dependencies:
    balanced-match "^1.0.0"
    concat-map "0.0.1"

braces@~3.0.2:
  version "3.0.3"
  resolved "https://registry.yarnpkg.com/braces/-/braces-3.0.3.tgz#490332f40919452272d55a8480adc0c441358789"
  integrity sha512-yQbXgO/OSZVD2IsiLlro+7Hf6Q18EJrKSEsdoMzKePKXct3gvD8oLcOQdIzGupr5Fj+EDe8gO/lxc1BzfMpxvA==
  dependencies:
    fill-range "^7.1.1"

buffer-from@^1.0.0:
  version "1.1.2"
  resolved "https://registry.yarnpkg.com/buffer-from/-/buffer-from-1.1.2.tgz#2b146a6fd72e80b4f55d255f35ed59a3a9a41bd5"
  integrity sha512-E+XQCRwSbaaiChtv6k6Dwgc+bx+Bs6vuKJHHl5kox/BaKbhiXzqQOwK4cO22yElGp2OCmjwVhT3HmxgyPGnJfQ==

chokidar@^3.5.2:
  version "3.6.0"
  resolved "https://registry.yarnpkg.com/chokidar/-/chokidar-3.6.0.tgz#197c6cc669ef2a8dc5e7b4d97ee4e092c3eb0d5b"
  integrity sha512-7VT13fmjotKpGipCW9JEQAusEPE+Ei8nl6/g4FBAmIm0GOOLMua9NDDo/DWp0ZAxCr3cPq5ZpBqmPAQgDda2Pw==
  dependencies:
    anymatch "~3.1.2"
    braces "~3.0.2"
    glob-parent "~5.1.2"
    is-binary-path "~2.1.0"
    is-glob "~4.0.1"
    normalize-path "~3.0.0"
    readdirp "~3.6.0"
  optionalDependencies:
    fsevents "~2.3.2"

colorette@^2.0.20:
  version "2.0.20"
  resolved "https://registry.yarnpkg.com/colorette/-/colorette-2.0.20.tgz#9eb793e6833067f7235902fcd3b09917a000a95a"
  integrity sha512-IfEDxwoWIjkeXL1eXcDiow4UbKjhLdq6/EuSVR9GMN7KVH3r9gQ83e73hsz1Nd1T3ijd5xv1wcWRYO+D6kCI2w==

commander@^12.1.0:
  version "12.1.0"
  resolved "https://registry.yarnpkg.com/commander/-/commander-12.1.0.tgz#01423b36f501259fdaac4d0e4d60c96c991585d3"
  integrity sha512-Vw8qHK3bZM9y/P10u3Vib8o/DdkvA2OtPtZvD871QKjy74Wj1WSKFILMPRPSdUSx5RFK1arlJzEtA4PkFgnbuA==

compact-encoding-bitfield@^1.0.0:
  version "1.0.0"
  resolved "https://registry.yarnpkg.com/compact-encoding-bitfield/-/compact-encoding-bitfield-1.0.0.tgz#39f923263dffb68b266b6cb9dc0bae2d42cf5c4a"
  integrity sha512-3nMVKUg+PF72UHfainmCL8uKvyWfxsjqOtUY+HiMPGLPCTjnwzoKfFAMo1Ad7nwTPdjBqtGK5b3BOFTFW4EBTg==
  dependencies:
    compact-encoding "^2.4.1"

compact-encoding-net@^1.0.1, compact-encoding-net@^1.2.0:
  version "1.2.0"
  resolved "https://registry.yarnpkg.com/compact-encoding-net/-/compact-encoding-net-1.2.0.tgz#19d2efd55df10f2ee793576fc4483bf6d2218743"
  integrity sha512-LVXpNpF7PGQeHRVVLGgYWzuVoYAaDZvKUsUxRioGfkotzvOh4AzoQF1HBH3zMNaSnx7gJXuUr3hkjnijaH/Eng==
  dependencies:
    compact-encoding "^2.4.1"

compact-encoding@^2.11.0, compact-encoding@^2.12.0, compact-encoding@^2.15.0, compact-encoding@^2.4.1, compact-encoding@^2.5.1:
  version "2.15.0"
  resolved "https://registry.yarnpkg.com/compact-encoding/-/compact-encoding-2.15.0.tgz#cf787ac2e91712603b106227c761bc2a7dcedad0"
  integrity sha512-af/NomxL9Mo0lqCk++rxLLDZI+lJqeBrPt4dK6FbjxTCEhfC9yQAIoO6yq9ixyCirce0luQwErkwJrhem6clxA==
  dependencies:
    b4a "^1.3.0"

concat-map@0.0.1:
  version "0.0.1"
  resolved "https://registry.yarnpkg.com/concat-map/-/concat-map-0.0.1.tgz#d8a96bd77fd68df7793a73036a3ba0d5405d477b"
  integrity sha512-/Srv4dswyQNBfohGpz9o6Yb3Gz3SrUDqBH5rTuhGR7ahtlbYKnVxw2bCFMRljaA7EXHaXZ8wsHdodFvbkhKmqg==

debug@^4, debug@^4.3.5, debug@^4.3.6:
  version "4.3.6"
  resolved "https://registry.yarnpkg.com/debug/-/debug-4.3.6.tgz#2ab2c38fbaffebf8aa95fdfe6d88438c7a13c52b"
  integrity sha512-O/09Bd4Z1fBrU4VzkhFqVgpPzaGbw6Sm9FEkBT1A/YBXQFGuuSxa1dN2nxgxS34JmKXqYx8CZAwEVoJFImUXIg==
  dependencies:
    ms "2.1.2"

debugging-stream@^2.0.0:
  version "2.0.0"
  resolved "https://registry.yarnpkg.com/debugging-stream/-/debugging-stream-2.0.0.tgz#515cad5a35299cf4b4bc0afcbd69d52c809c84ce"
  integrity sha512-xwfl6wB/3xc553uwtGnSa94jFxnGOc02C0WU2Nmzwr80gzeqn1FX4VcbvoKIhe8L/lPq4BTQttAbrTN94uN8rA==
  dependencies:
    streamx "^2.12.4"

dht-rpc@^6.11.3:
  version "6.12.1"
  resolved "https://registry.yarnpkg.com/dht-rpc/-/dht-rpc-6.12.1.tgz#c2af93a0583a8abdd747fad59d9a809cce2ce2b9"
  integrity sha512-doX05CNlbMohyqs2t9smpCSfF2lGSRdNDL2thJHFV+hW6igiNf8PN8ykAKhO2Cb75YH1Bm1CSigPhIn+IaEiIQ==
  dependencies:
    b4a "^1.6.1"
    bare-events "^2.2.0"
    compact-encoding "^2.11.0"
    compact-encoding-net "^1.2.0"
    fast-fifo "^1.1.0"
    kademlia-routing-table "^1.0.1"
    nat-sampler "^1.0.1"
    sodium-universal "^4.0.0"
    streamx "^2.13.2"
    time-ordered-set "^1.0.2"
    udx-native "^1.5.3"

fast-fifo@^1.1.0, fast-fifo@^1.3.2:
  version "1.3.2"
  resolved "https://registry.yarnpkg.com/fast-fifo/-/fast-fifo-1.3.2.tgz#286e31de96eb96d38a97899815740ba2a4f3640c"
  integrity sha512-/d9sfos4yxzpwkDkuN7k2SqFKtYNmCTzgfEpz82x34IM9/zc8KGxQoXg1liNC/izpRM/MBdt44Nmx41ZWqk+FQ==

fill-range@^7.1.1:
  version "7.1.1"
  resolved "https://registry.yarnpkg.com/fill-range/-/fill-range-7.1.1.tgz#44265d3cac07e3ea7dc247516380643754a05292"
  integrity sha512-YsGpe3WHLK8ZYi4tWDg2Jy3ebRz2rXowDxnld4bkQB00cc/1Zw9AWnC0i9ztDJitivtQvaI9KaLyKrc+hBW0yg==
  dependencies:
    to-regex-range "^5.0.1"

fsevents@~2.3.2:
  version "2.3.3"
  resolved "https://registry.yarnpkg.com/fsevents/-/fsevents-2.3.3.tgz#cac6407785d03675a2a5e1a5305c697b347d90d6"
  integrity sha512-5xoDfX+fL7faATnagmWPpbFtwh/R77WmMMqqHGS65C3vvB0YHrgF+B1YmZ3441tMj5n63k0212XNoJwzlhffQw==

glob-parent@~5.1.2:
  version "5.1.2"
  resolved "https://registry.yarnpkg.com/glob-parent/-/glob-parent-5.1.2.tgz#869832c58034fe68a4093c17dc15e8340d8401c4"
  integrity sha512-AOIgSQCepiJYwP3ARnGx+5VnTu2HBYdzbGP45eLw1vr3zB3vZLeyed1sC9hnbcOc9/SrMyM5RPQrkGz4aS9Zow==
  dependencies:
    is-glob "^4.0.1"

has-flag@^3.0.0:
  version "3.0.0"
  resolved "https://registry.yarnpkg.com/has-flag/-/has-flag-3.0.0.tgz#b5d454dc2199ae225699f3467e5a07f3b955bafd"
  integrity sha512-sKJf1+ceQBr4SMkvQnBDNDtf4TXpVhVGateu0t918bl30FnbE2m4vNLX+VWe/dpjlb+HugGYzW7uQXH98HPEYw==

hypercore-crypto@^3.3.0, hypercore-crypto@^3.3.1:
  version "3.4.2"
  resolved "https://registry.yarnpkg.com/hypercore-crypto/-/hypercore-crypto-3.4.2.tgz#4663da0776dcf4a6c9da2bc83db8592c06c83548"
  integrity sha512-16ii4M6T1dFfRa41Szv3IR0wXfImJMYJ8ysZEGwHEDH7sMeWVEBck6tg1GCNutYl39E+H7wMY2p3ndCRfj+XdQ==
  dependencies:
    b4a "^1.6.6"
    compact-encoding "^2.15.0"
    sodium-universal "^4.0.1"

hypercore-id-encoding@^1.2.0:
  version "1.3.0"
  resolved "https://registry.yarnpkg.com/hypercore-id-encoding/-/hypercore-id-encoding-1.3.0.tgz#b3822eb97bee89ac134ffea2b8b67230ca166f55"
  integrity sha512-W6sHdGo5h7LXEsoWfKf/KfuROZmZRQDlGqJF2EPHW+noCK66Vvr0+zE6cL0vqQi18s0kQPeN7Sq3QyR0Ytc2VQ==
  dependencies:
    b4a "^1.5.3"
    z32 "^1.0.0"

hyperdht@^6.16.2:
  version "6.16.2"
  resolved "https://registry.yarnpkg.com/hyperdht/-/hyperdht-6.16.2.tgz#8d081dde52b070e9dfb72286f1685c10392ff5f5"
  integrity sha512-PHcn5kbggP9kYkbr7giAvtpmtYXCnRTdnxvET3K6IQsHjQSzVnAvvcAr29UjH4mvP6ofoeM/sLhxc0svmJfHdw==
  dependencies:
    "@hyperswarm/secret-stream" "^6.6.2"
    b4a "^1.3.1"
    bare-events "^2.2.0"
    blind-relay "^1.3.0"
    bogon "^1.0.0"
    compact-encoding "^2.4.1"
    compact-encoding-net "^1.0.1"
    debugging-stream "^2.0.0"
    dht-rpc "^6.11.3"
    hypercore-crypto "^3.3.0"
    hypercore-id-encoding "^1.2.0"
    hypertrace "^1.3.0"
    noise-curve-ed "^2.0.0"
    noise-handshake "^3.0.0"
    record-cache "^1.1.1"
    safety-catch "^1.0.1"
    signal-promise "^1.0.3"
    sodium-universal "^4.0.0"
    streamx "^2.16.1"
    unslab "^1.3.0"
    xache "^1.1.0"

hypertrace@^1.3.0, hypertrace@^1.4.1, hypertrace@^1.4.2:
  version "1.4.2"
  resolved "https://registry.yarnpkg.com/hypertrace/-/hypertrace-1.4.2.tgz#70933403bab99b1711e3e1512d574cc70f9531e8"
  integrity sha512-sa6iq1FaJ03Db3eUl5ZodyOL3fheyrum9xzeHasXOQ/AprTT6vS1WjpbXfYkHhmzVmyn0jBW/VsCb1QaBkGyow==

ignore-by-default@^1.0.1:
  version "1.0.1"
  resolved "https://registry.yarnpkg.com/ignore-by-default/-/ignore-by-default-1.0.1.tgz#48ca6d72f6c6a3af00a9ad4ae6876be3889e2b09"
  integrity sha512-Ius2VYcGNk7T90CppJqcIkS5ooHUZyIQK+ClZfMfMNFEF9VSE73Fq+906u/CWu92x4gzZMWOwfFYckPObzdEbA==

is-binary-path@~2.1.0:
  version "2.1.0"
  resolved "https://registry.yarnpkg.com/is-binary-path/-/is-binary-path-2.1.0.tgz#ea1f7f3b80f064236e83470f86c09c254fb45b09"
  integrity sha512-ZMERYes6pDydyuGidse7OsHxtbI7WVeUEozgR/g7rd0xUimYNlvZRE/K2MgZTjWy725IfelLeVcEM97mmtRGXw==
  dependencies:
    binary-extensions "^2.0.0"

is-extglob@^2.1.1:
  version "2.1.1"
  resolved "https://registry.yarnpkg.com/is-extglob/-/is-extglob-2.1.1.tgz#a88c02535791f02ed37c76a1b9ea9773c833f8c2"
  integrity sha512-SbKbANkN603Vi4jEZv49LeVJMn4yGwsbzZworEoyEiutsN3nJYdbO36zfhGJ6QEDpOZIFkDtnq5JRxmvl3jsoQ==

is-glob@^4.0.1, is-glob@~4.0.1:
  version "4.0.3"
  resolved "https://registry.yarnpkg.com/is-glob/-/is-glob-4.0.3.tgz#64f61e42cbbb2eec2071a9dac0b28ba1e65d5084"
  integrity sha512-xelSayHH36ZgE7ZWhli7pW34hNbNl8Ojv5KVmkJD4hBdD3th8Tfk9vYasLM+mXWOZhFkgZfxhLSnrwRr4elSSg==
  dependencies:
    is-extglob "^2.1.1"

is-number@^7.0.0:
  version "7.0.0"
  resolved "https://registry.yarnpkg.com/is-number/-/is-number-7.0.0.tgz#7535345b896734d5f80c4d06c50955527a14f12b"
  integrity sha512-41Cifkg6e8TylSpdtTpeLVMqvSBEVzTttHvERD741+pnZ8ANv0004MRL43QKPDlK9cGvNp6NZWZUBlbGXYxxng==

kademlia-routing-table@^1.0.1:
  version "1.0.3"
  resolved "https://registry.yarnpkg.com/kademlia-routing-table/-/kademlia-routing-table-1.0.3.tgz#03a9a165411114268e632f845df0202a8c90c099"
  integrity sha512-ag1nLPaCSxbLnG6zeTBoGkdm+JSUi2JHMiNynHBoRG8se2w9yfyzepF3oX1B52HOEldtbuxTde5NxbNUtnwGqA==
  dependencies:
    bare-events "^2.2.0"

minimatch@^3.1.2:
  version "3.1.2"
  resolved "https://registry.yarnpkg.com/minimatch/-/minimatch-3.1.2.tgz#19cd194bfd3e428f049a70817c038d89ab4be35b"
  integrity sha512-J7p63hRiAjw1NDEww1W7i37+ByIrOWO5XQQAzZ3VOcL0PNybwpfmV/N05zFAzwQ9USyEcX6t3UO+K5aqBQOIHw==
  dependencies:
    brace-expansion "^1.1.7"

ms@2.1.2:
  version "2.1.2"
  resolved "https://registry.yarnpkg.com/ms/-/ms-2.1.2.tgz#d09d1f357b443f493382a8eb3ccd183872ae6009"
  integrity sha512-sGkPx+VjMtmA6MX27oA4FBFELFCZZ4S4XqeGOXCv68tT+jb3vk/RyaKWP0PTKyWtmLSM0b+adUTEvbs1PEaH2w==

nanoassert@^2.0.0:
  version "2.0.0"
  resolved "https://registry.yarnpkg.com/nanoassert/-/nanoassert-2.0.0.tgz#a05f86de6c7a51618038a620f88878ed1e490c09"
  integrity sha512-7vO7n28+aYO4J+8w96AzhmU8G+Y/xpPDJz/se19ICsqj/momRbb9mh9ZUtkoJ5X3nTnPdhEJyc0qnM6yAsHBaA==

napi-macros@^2.0.0:
  version "2.2.2"
  resolved "https://registry.yarnpkg.com/napi-macros/-/napi-macros-2.2.2.tgz#817fef20c3e0e40a963fbf7b37d1600bd0201044"
  integrity sha512-hmEVtAGYzVQpCKdbQea4skABsdXW4RUh5t5mJ2zzqowJS2OyXZTU1KhDVFhx+NlWZ4ap9mqR9TcDO3LTTttd+g==

nat-sampler@^1.0.1:
  version "1.0.1"
  resolved "https://registry.yarnpkg.com/nat-sampler/-/nat-sampler-1.0.1.tgz#2b68338ea6d4c139450cd971fd00a4ac1b33d923"
  integrity sha512-yQvyNN7xbqR8crTKk3U8gRgpcV1Az+vfCEijiHu9oHHsnIl8n3x+yXNHl42M6L3czGynAVoOT9TqBfS87gDdcw==

node-gyp-build@^4.4.0, node-gyp-build@^4.8.0:
  version "4.8.1"
  resolved "https://registry.yarnpkg.com/node-gyp-build/-/node-gyp-build-4.8.1.tgz#976d3ad905e71b76086f4f0b0d3637fe79b6cda5"
  integrity sha512-OSs33Z9yWr148JZcbZd5WiAXhh/n9z8TxQcdMhIOlpN9AhWpLfvVFO73+m77bBABQMaY9XSvIa+qk0jlI7Gcaw==

nodemon@^3.1.4:
  version "3.1.4"
  resolved "https://registry.yarnpkg.com/nodemon/-/nodemon-3.1.4.tgz#c34dcd8eb46a05723ccde60cbdd25addcc8725e4"
  integrity sha512-wjPBbFhtpJwmIeY2yP7QF+UKzPfltVGtfce1g/bB15/8vCGZj8uxD62b/b9M9/WVgme0NZudpownKN+c0plXlQ==
  dependencies:
    chokidar "^3.5.2"
    debug "^4"
    ignore-by-default "^1.0.1"
    minimatch "^3.1.2"
    pstree.remy "^1.1.8"
    semver "^7.5.3"
    simple-update-notifier "^2.0.0"
    supports-color "^5.5.0"
    touch "^3.1.0"
    undefsafe "^2.0.5"

noise-curve-ed@^2.0.0, noise-curve-ed@^2.0.1:
  version "2.0.1"
  resolved "https://registry.yarnpkg.com/noise-curve-ed/-/noise-curve-ed-2.0.1.tgz#c07adb2dde8dfaffb90aa95be9a522f5ed661e6d"
  integrity sha512-8HMZ40Wmarg8RQjVemLrjB49JSL6eGeOD+tlzaQW5/p+hNPfHFEMC3UZZ57zUqUprMuz6GN+gsPExpz2DWL+iA==
  dependencies:
    b4a "^1.1.0"
    nanoassert "^2.0.0"
    sodium-universal "^4.0.0"

noise-handshake@^3.0.0, noise-handshake@^3.0.2:
  version "3.1.0"
  resolved "https://registry.yarnpkg.com/noise-handshake/-/noise-handshake-3.1.0.tgz#8be14b58f4a956c2a6ab41ff8691c6242a4f5b82"
  integrity sha512-0S1qkUvMbTvZCfgr/vSkVT84YyvI4Q0OLwSc5BFxVmjaePrxAwVeXeJDY3A7N/7+qj95gZ15LaNoP9ZnBXH5Lw==
  dependencies:
    b4a "^1.1.0"
    nanoassert "^2.0.0"
    sodium-universal "^4.0.0"

normalize-path@^3.0.0, normalize-path@~3.0.0:
  version "3.0.0"
  resolved "https://registry.yarnpkg.com/normalize-path/-/normalize-path-3.0.0.tgz#0dcd69ff23a1c9b11fd0978316644a0388216a65"
  integrity sha512-6eZs5Ls3WtCisHWp9S2GUy8dqkpGi4BVSz3GaqiE6ezub0512ESztXUwUB6C6IKbQkY2Pnb/mD4WYojCRwcwLA==

oxc-resolver@^1.10.2:
  version "1.10.2"
  resolved "https://registry.yarnpkg.com/oxc-resolver/-/oxc-resolver-1.10.2.tgz#d1d2985d458ccec8d42928612a4ac6af3dac4299"
  integrity sha512-NIbwVqoU8Bhl7PVtItHCg+VFFokIDwBgIgFUwFG2Y8ePhxftFh5xG+KLar5PLWXlCP4WunPIuXD3jr3v6/MfRw==
  optionalDependencies:
    "@oxc-resolver/binding-darwin-arm64" "1.10.2"
    "@oxc-resolver/binding-darwin-x64" "1.10.2"
    "@oxc-resolver/binding-freebsd-x64" "1.10.2"
    "@oxc-resolver/binding-linux-arm-gnueabihf" "1.10.2"
    "@oxc-resolver/binding-linux-arm64-gnu" "1.10.2"
    "@oxc-resolver/binding-linux-arm64-musl" "1.10.2"
    "@oxc-resolver/binding-linux-x64-gnu" "1.10.2"
    "@oxc-resolver/binding-linux-x64-musl" "1.10.2"
    "@oxc-resolver/binding-wasm32-wasi" "1.10.2"
    "@oxc-resolver/binding-win32-arm64-msvc" "1.10.2"
    "@oxc-resolver/binding-win32-x64-msvc" "1.10.2"

picomatch@^2.0.4, picomatch@^2.2.1:
  version "2.3.1"
  resolved "https://registry.yarnpkg.com/picomatch/-/picomatch-2.3.1.tgz#3ba3833733646d9d3e4995946c1365a67fb07a42"
  integrity sha512-JU3teHTNjmE2VCGFzuY8EXzCDVwEqB2a8fsIvwaStHhAWJEeVd1o1QD80CU6+ZdEXXSLbSsuLwJjkCBWqRQUVA==

pirates@^4.0.6:
  version "4.0.6"
  resolved "https://registry.yarnpkg.com/pirates/-/pirates-4.0.6.tgz#3018ae32ecfcff6c29ba2267cbf21166ac1f36b9"
  integrity sha512-saLsH7WeYYPiD25LDuLRRY/i+6HaPYr6G1OUlN39otzkSTxKnubR9RTxS3/Kk50s1g2JTgFwWQDQyplC5/SHZg==

prettier@^3.3.3:
  version "3.3.3"
  resolved "https://registry.yarnpkg.com/prettier/-/prettier-3.3.3.tgz#30c54fe0be0d8d12e6ae61dbb10109ea00d53105"
  integrity sha512-i2tDNA0O5IrMO757lfrdQZCc2jPNDVntV0m/+4whiDfWaTKfMNgR7Qz0NAeGz/nRqF4m5/6CLzbP4/liHt12Ew==

protomux@^3.5.1:
  version "3.9.2"
  resolved "https://registry.yarnpkg.com/protomux/-/protomux-3.9.2.tgz#b081a0a146ccaebb71f5d36037198b268889822d"
  integrity sha512-s439dAQSrCg3rohE+Vn7UJN20bBUKNu/4m/+pSNKnavo14HHPsW7BP6YtfXD63qPDRwfM8la3r4DA1EQGM8iYQ==
  dependencies:
    b4a "^1.3.1"
    compact-encoding "^2.5.1"
    hypertrace "^1.4.2"
    queue-tick "^1.0.0"
    safety-catch "^1.0.1"
    unslab "^1.3.0"

pstree.remy@^1.1.8:
  version "1.1.8"
  resolved "https://registry.yarnpkg.com/pstree.remy/-/pstree.remy-1.1.8.tgz#c242224f4a67c21f686839bbdb4ac282b8373d3a"
  integrity sha512-77DZwxQmxKnu3aR542U+X8FypNzbfJ+C5XQDk3uWjWxn6151aIMGthWYRXTqT1E5oJvg+ljaa2OJi+VfvCOQ8w==

queue-tick@^1.0.0, queue-tick@^1.0.1:
  version "1.0.1"
  resolved "https://registry.yarnpkg.com/queue-tick/-/queue-tick-1.0.1.tgz#f6f07ac82c1fd60f82e098b417a80e52f1f4c142"
  integrity sha512-kJt5qhMxoszgU/62PLP1CJytzd2NKetjSRnyuj31fDd3Rlcz3fzlFdFLD1SItunPwyqEOkca6GbV612BWfaBag==

readdirp@~3.6.0:
  version "3.6.0"
  resolved "https://registry.yarnpkg.com/readdirp/-/readdirp-3.6.0.tgz#74a370bd857116e245b29cc97340cd431a02a6c7"
  integrity sha512-hOS089on8RduqdbhvQ5Z37A0ESjsqz6qnRcffsMU3495FuTdqSm+7bhJ29JvIOsBDEEnan5DPu9t3To9VRlMzA==
  dependencies:
    picomatch "^2.2.1"

record-cache@^1.1.1:
  version "1.2.0"
  resolved "https://registry.yarnpkg.com/record-cache/-/record-cache-1.2.0.tgz#e601bc4f164d58330cc00055e27aa4682291c882"
  integrity sha512-kyy3HWCez2WrotaL3O4fTn0rsIdfRKOdQQcEJ9KpvmKmbffKVvwsloX063EgRUlpJIXHiDQFhJcTbZequ2uTZw==
  dependencies:
    b4a "^1.3.1"

safety-catch@^1.0.1:
  version "1.0.2"
  resolved "https://registry.yarnpkg.com/safety-catch/-/safety-catch-1.0.2.tgz#d64cbd57fd601da91c356b6ab8902f3e449a7a4b"
  integrity sha512-C1UYVZ4dtbBxEtvOcpjBaaD27nP8MlvyAQEp2fOTOEe6pfUpk1cDUxij6BR1jZup6rSyUTaBBplK7LanskrULA==

semver@^7.5.3:
  version "7.6.3"
  resolved "https://registry.yarnpkg.com/semver/-/semver-7.6.3.tgz#980f7b5550bc175fb4dc09403085627f9eb33143"
  integrity sha512-oVekP1cKtI+CTDvHWYFUcMtsK/00wmAEfyqKfNdARm8u1wNVhSgaX7A8d4UuIlUI5e84iEwOhs7ZPYRmzU9U6A==

signal-promise@^1.0.3:
  version "1.0.3"
  resolved "https://registry.yarnpkg.com/signal-promise/-/signal-promise-1.0.3.tgz#3a6ae4591b7e5b926c06a85a92ceedacbbee858f"
  integrity sha512-WBgv0UnIq2C+Aeh0/n+IRpP6967eIx9WpynTUoiW3isPpfe1zu2LJzyfXdo9Tgef8yR/sGjcMvoUXD7EYdiz+g==

simple-update-notifier@^2.0.0:
  version "2.0.0"
  resolved "https://registry.yarnpkg.com/simple-update-notifier/-/simple-update-notifier-2.0.0.tgz#d70b92bdab7d6d90dfd73931195a30b6e3d7cebb"
  integrity sha512-a2B9Y0KlNXl9u/vsW6sTIu9vGEpfKu2wRV6l1H3XEas/0gUIzGzBoP/IouTcUQbm9JWZLH3COxyn03TYlFax6w==
  dependencies:
    semver "^7.5.3"

sodium-native@^4.0.0:
  version "4.1.1"
  resolved "https://registry.yarnpkg.com/sodium-native/-/sodium-native-4.1.1.tgz#109bc924dd55c13db87c6dd30da047487595723c"
  integrity sha512-LXkAfRd4FHtkQS4X6g+nRcVaN7mWVNepV06phIsC6+IZFvGh1voW5TNQiQp2twVaMf05gZqQjuS+uWLM6gHhNQ==
  dependencies:
    node-gyp-build "^4.8.0"

sodium-secretstream@^1.1.0:
  version "1.1.0"
  resolved "https://registry.yarnpkg.com/sodium-secretstream/-/sodium-secretstream-1.1.0.tgz#25fec816cd9ae5e2d38d7511b88560debe39179a"
  integrity sha512-Qg7D2xomELDjDCWAmE4izk1aecG/il8pQIGmSWFaKgah/V58BVWG/PuSZF6vseTpcqnetIFGaOWzmPNzyTD50A==
  dependencies:
    b4a "^1.1.1"
    sodium-universal "^4.0.0"

sodium-universal@^4.0.0, sodium-universal@^4.0.1:
  version "4.0.1"
  resolved "https://registry.yarnpkg.com/sodium-universal/-/sodium-universal-4.0.1.tgz#75146f3b6fb6ab0dcc9278ad468ef5f23a0351e4"
  integrity sha512-sNp13PrxYLaUFHTGoDKkSDFvoEu51bfzE12RwGlqU1fcrkpAOK0NvizaJzOWV0Omtk9me2+Pnbjcf/l0efxuGQ==
  dependencies:
    sodium-native "^4.0.0"

source-map-support@^0.5.21:
  version "0.5.21"
  resolved "https://registry.yarnpkg.com/source-map-support/-/source-map-support-0.5.21.tgz#04fe7c7f9e1ed2d662233c28cb2b35b9f63f6e4f"
  integrity sha512-uBHU3L3czsIyYXKX88fdrGovxdSCoTGDRZ6SYXtSRxLZUzHg5P/66Ht6uoUlHu9EZod+inXhKo3qQgwXUT/y1w==
  dependencies:
    buffer-from "^1.0.0"
    source-map "^0.6.0"

source-map@^0.6.0:
  version "0.6.1"
  resolved "https://registry.yarnpkg.com/source-map/-/source-map-0.6.1.tgz#74722af32e9614e9c287a8d0bbde48b5e2f1a263"
  integrity sha512-UjgapumWlbMhkBgzT7Ykc5YXUT46F0iKu8SGXq0bcwP5dz/h0Plj6enJqjz1Zbq2l5WaqYnrVbwWOWMyF3F47g==

streamx@^2.12.4, streamx@^2.13.2, streamx@^2.14.0, streamx@^2.15.1, streamx@^2.16.1:
  version "2.18.0"
  resolved "https://registry.yarnpkg.com/streamx/-/streamx-2.18.0.tgz#5bc1a51eb412a667ebfdcd4e6cf6a6fc65721ac7"
  integrity sha512-LLUC1TWdjVdn1weXGcSxyTR3T4+acB6tVGXT95y0nGbca4t4o/ng1wKAGTljm9VicuCVLvRlqFYXYy5GwgM7sQ==
  dependencies:
    fast-fifo "^1.3.2"
    queue-tick "^1.0.1"
    text-decoder "^1.1.0"
  optionalDependencies:
    bare-events "^2.2.0"

supports-color@^5.5.0:
  version "5.5.0"
  resolved "https://registry.yarnpkg.com/supports-color/-/supports-color-5.5.0.tgz#e2e69a44ac8772f78a1ec0b35b689df6530efc8f"
  integrity sha512-QjVjwdXIt408MIiAqCX4oUKsgU2EqAGzs2Ppkm4aQYbjm+ZEWEcW4SfFNTr4uMNZma0ey4f5lgLrkB0aX0QMow==
  dependencies:
    has-flag "^3.0.0"

text-decoder@^1.1.0:
  version "1.1.1"
  resolved "https://registry.yarnpkg.com/text-decoder/-/text-decoder-1.1.1.tgz#5df9c224cebac4a7977720b9f083f9efa1aefde8"
  integrity sha512-8zll7REEv4GDD3x4/0pW+ppIxSNs7H1J10IKFZsuOMscumCdM2a+toDGLPA3T+1+fLBql4zbt5z83GEQGGV5VA==
  dependencies:
    b4a "^1.6.4"

time-ordered-set@^1.0.2:
  version "1.0.2"
  resolved "https://registry.yarnpkg.com/time-ordered-set/-/time-ordered-set-1.0.2.tgz#3bd931fc048234147f8c2b8b1ebbebb0a3ecb96f"
  integrity sha512-vGO99JkxvgX+u+LtOKQEpYf31Kj3i/GNwVstfnh4dyINakMgeZCpew1e3Aj+06hEslhtHEd52g7m5IV+o1K8Mw==

timeout-refresh@^2.0.0:
  version "2.0.1"
  resolved "https://registry.yarnpkg.com/timeout-refresh/-/timeout-refresh-2.0.1.tgz#f8ec7cf1f9d93b2635b7d4388cb820c5f6c16f98"
  integrity sha512-SVqEcMZBsZF9mA78rjzCrYrUs37LMJk3ShZ851ygZYW1cMeIjs9mL57KO6Iv5mmjSQnOe/29/VAfGXo+oRCiVw==

to-regex-range@^5.0.1:
  version "5.0.1"
  resolved "https://registry.yarnpkg.com/to-regex-range/-/to-regex-range-5.0.1.tgz#1648c44aae7c8d988a326018ed72f5b4dd0392e4"
  integrity sha512-65P7iz6X5yEr1cwcgvQxbbIw7Uk3gOy5dIdtZ4rDveLqhrdJP+Li/Hx6tyK0NEb+2GCyneCMJiGqrADCSNk8sQ==
  dependencies:
    is-number "^7.0.0"

touch@^3.1.0:
  version "3.1.1"
  resolved "https://registry.yarnpkg.com/touch/-/touch-3.1.1.tgz#097a23d7b161476435e5c1344a95c0f75b4a5694"
  integrity sha512-r0eojU4bI8MnHr8c5bNo7lJDdI2qXlWWJk6a9EAFG7vbhTjElYhBVS3/miuE0uOuoLdb8Mc/rVfsmm6eo5o9GA==

tslib@^2.4.0, tslib@^2.6.3:
  version "2.6.3"
  resolved "https://registry.yarnpkg.com/tslib/-/tslib-2.6.3.tgz#0438f810ad7a9edcde7a241c3d80db693c8cbfe0"
  integrity sha512-xNvxJEOUiWPGhUuUdQgAJPKOOJfGnIyKySOc09XkKsgdUV/3E2zvwZYdejjmRgPCgcym1juLH3226yA7sEFJKQ==

typescript@^5.5.4:
  version "5.5.4"
  resolved "https://registry.yarnpkg.com/typescript/-/typescript-5.5.4.tgz#d9852d6c82bad2d2eda4fd74a5762a8f5909e9ba"
  integrity sha512-Mtq29sKDAEYP7aljRgtPOpTvOfbwRWlS6dPRzwjdE+C0R4brX/GUyhHSecbHMFLNBLcJIPt9nl9yG5TZ1weH+Q==

udx-native@^1.5.3:
  version "1.10.5"
  resolved "https://registry.yarnpkg.com/udx-native/-/udx-native-1.10.5.tgz#e22c158fae924cc2e537e331398c7dd11b6a26b0"
  integrity sha512-zEkLODyozCjOBNg1g+4zP3LBwweFZzrS2kTxL3FoqUy0Vr9rzYvPi/BANfHrtd3Tq2bE3/fGZoOMpKu9FXOngg==
  dependencies:
    b4a "^1.5.0"
    bare-events "^2.2.0"
    napi-macros "^2.0.0"
    node-gyp-build "^4.4.0"
    streamx "^2.14.0"

undefsafe@^2.0.5:
  version "2.0.5"
  resolved "https://registry.yarnpkg.com/undefsafe/-/undefsafe-2.0.5.tgz#38733b9327bdcd226db889fb723a6efd162e6e2c"
  integrity sha512-WxONCrssBM8TSPRqN5EmsjVrsv4A8X12J4ArBiiayv3DyyG3ZlIg6yysuuSYdZsVz3TKcTg2fd//Ujd4CHV1iA==

undici-types@~6.19.2:
  version "6.19.6"
  resolved "https://registry.yarnpkg.com/undici-types/-/undici-types-6.19.6.tgz#e218c3df0987f4c0e0008ca00d6b6472d9b89b36"
  integrity sha512-e/vggGopEfTKSvj4ihnOLTsqhrKRN3LeO6qSN/GxohhuRv8qH9bNQ4B8W7e/vFL+0XTnmHPB4/kegunZGA4Org==

unslab@^1.3.0:
  version "1.3.0"
  resolved "https://registry.yarnpkg.com/unslab/-/unslab-1.3.0.tgz#6b5c21c873f2adc34ac10475438344f51f681988"
  integrity sha512-YATkfKAFj47kTzmiQrWXMyRvaVrHsW6MEALa4bm+FhiA2YG4oira+Z3DXN6LrYOYn2Y8eO94Lwl9DOHjs1FpoQ==
  dependencies:
    b4a "^1.6.6"

xache@^1.1.0:
  version "1.2.1"
  resolved "https://registry.yarnpkg.com/xache/-/xache-1.2.1.tgz#0c2041ba13d8c60d2e10214a0ce99894315f9349"
  integrity sha512-igRS6jPreJ54ABdzhh4mCDXcz+XMaWO2q1ABRV2yWYuk29jlp8VT7UBdCqNkX7rpYBbXsebVVKkwIuYZjyZNqA==

z32@^1.0.0:
  version "1.1.0"
  resolved "https://registry.yarnpkg.com/z32/-/z32-1.1.0.tgz#f308de8e0cb877671368de47b9cb4c9d5a6f507e"
  integrity sha512-1WUHy+VS6d0HPNspDxvLssBbeQjXMjSnpv0vH82vRAUfg847NmX3OXozp/hRP5jPhxBbrVzrgvAt+UsGNzRFQQ==
  dependencies:
    b4a "^1.5.3"
